
Microsoft Visual Studio Solution File, Format Version 12.00
# Visual Studio Version 17
VisualStudioVersion = 17.1.32414.318
MinimumVisualStudioVersion = 10.0.40219.1
Project("{FAE04EC0-301F-11D3-BF4B-00C04F79EFBC}") = "API", "API\API.csproj", "{11C89E84-283E-41A3-A3A7-AC0D8F4DFE9B}"
EndProject
Global
	GlobalSection(SolutionConfigurationPlatforms) = preSolution
		Debug|Any CPU = Debug|Any CPU
		Release|Any CPU = Release|Any CPU
	EndGlobalSection
	GlobalSection(ProjectConfigurationPlatforms) = postSolution
		{11C89E84-283E-41A3-A3A7-AC0D8F4DFE9B}.Debug|Any CPU.ActiveCfg = Debug|Any CPU
		{11C89E84-283E-41A3-A3A7-AC0D8F4DFE9B}.Debug|Any CPU.Build.0 = Debug|Any CPU
		{11C89E84-283E-41A3-A3A7-AC0D8F4DFE9B}.Release|Any CPU.ActiveCfg = Release|Any CPU
		{11C89E84-283E-41A3-A3A7-AC0D8F4DFE9B}.Release|Any CPU.Build.0 = Release|Any CPU
	EndGlobalSection
	GlobalSection(SolutionProperties) = preSolution
		HideSolutionNode = FALSE
	EndGlobalSection
	GlobalSection(ExtensibilityGlobals) = postSolution
		SolutionGuid = {FB56C0C5-C260-4B70-AFC1-E2D71959CC78}
	EndGlobalSection
EndGlobal
